Microsoft Visual Studio Solution File, Format Version 12.00
# Visual Studio Version 17
VisualStudioVersion = 17.2.32505.173
MinimumVisualStudioVersion = 10.0.40219.1
Project("{9A19103F-16F7-4668-BE54-9A1E7A4F7556}") = "Microsoft.Health.FitOnFhir.GoogleFit", "GoogleFit\FitOnFhir.GoogleFit\Microsoft.Health.FitOnFhir.GoogleFit.csproj", "{68114D4D-03B6-4640-9678-42A6BBA52934}"
EndProject
Project("{9A19103F-16F7-4668-BE54-9A1E7A4F7556}") = "Microsoft.Health.FitOnFhir.Authorization", "Authorization\FitOnFhir.Authorization\Microsoft.Health.FitOnFhir.Authorization.csproj", "{8C9D9AF2-27BB-4DC1-8208-99EB96DEAA78}"
EndProject
Project("{9A19103F-16F7-4668-BE54-9A1E7A4F7556}") = "Microsoft.Health.FitOnFhir.Import", "Import\FitOnFhir.Import\Microsoft.Health.FitOnFhir.Import.csproj", "{189B4B7D-578E-4403-AAD8-72768BE04265}"
EndProject
Project("{9A19103F-16F7-4668-BE54-9A1E7A4F7556}") = "Microsoft.Health.FitOnFhir.ImportTimerTrigger", "ImportTimerTrigger\FitOnFhir.ImportTimerTrigger\Microsoft.Health.FitOnFhir.ImportTimerTrigger.csproj", "{0E3C0AA4-816C-46F5-ACCB-1507CEC7A605}"
EndProject
Project("{9A19103F-16F7-4668-BE54-9A1E7A4F7556}") = "Microsoft.Health.FitOnFhir.Common", "Common\FitOnFhir.Common\Microsoft.Health.FitOnFhir.Common.csproj", "{8BA4DEDD-A9C6-4283-B1C3-67DE3373C439}"
EndProject
Project("{2150E333-8FDC-42A3-9474-1A3956D46DE8}") = "GoogleFit", "GoogleFit", "{E05034C2-99D3-41DD-A416-9FA2ECB3867D}"
EndProject
Project("{9A19103F-16F7-4668-BE54-9A1E7A4F7556}") = "Microsoft.Health.FitOnFhir.Common.Tests", "Common\FitOnFhir.Common.Tests\Microsoft.Health.FitOnFhir.Common.Tests.csproj", "{A9088ABB-4F50-4887-BB04-7DFC11647168}"
EndProject
Project("{9A19103F-16F7-4668-BE54-9A1E7A4F7556}") = "Microsoft.Health.FitOnFhir.GoogleFit.Tests", "GoogleFit\FitOnFhir.GoogleFit.Tests\Microsoft.Health.FitOnFhir.GoogleFit.Tests.csproj", "{A064C40E-5E45-4FD3-B5C4-B93F7888F01B}"
EndProject
Project("{2150E333-8FDC-42A3-9474-1A3956D46DE8}") = "Common", "Common", "{8254079F-D7AF-432C-ABF0-F5446219F066}"
EndProject
Project("{2150E333-8FDC-42A3-9474-1A3956D46DE8}") = "Authorization", "Authorization", "{EACF2764-0FC1-48EF-B99E-32E7D09AA527}"
EndProject
Project("{2150E333-8FDC-42A3-9474-1A3956D46DE8}") = "Import", "Import", "{5A58186F-969E-4692-8651-5350008077B3}"
EndProject
Project("{2150E333-8FDC-42A3-9474-1A3956D46DE8}") = "ImportTimerTrigger", "ImportTimerTrigger", "{CE37CCDB-9A67-4AA6-9021-EA47F8422D4E}"
EndProject
Project("{9A19103F-16F7-4668-BE54-9A1E7A4F7556}") = "Microsoft.Health.FitOnFhir.GoogleFit.Mapping", "GoogleFit\Microsoft.Health.FitOnFhir.GoogleFit.Mapping\Microsoft.Health.FitOnFhir.GoogleFit.Mapping.csproj", "{AD4C2331-FCB9-4F86-AADF-593BCA8CDB33}"
EndProject
Project("{9A19103F-16F7-4668-BE54-9A1E7A4F7556}") = "Microsoft.Health.FitOnFhir.GoogleFit.Mapping.Console", "GoogleFit\Microsoft.Health.FitOnFhir.GoogleFit.Mapping.Console\Microsoft.Health.FitOnFhir.GoogleFit.Mapping.Console.csproj", "{B922ACB2-43DA-4517-9A98-FBE90A202724}"
EndProject
Project("{9A19103F-16F7-4668-BE54-9A1E7A4F7556}") = "Microsoft.Health.FitOnFhir.GoogleFit.Mapping.Tests", "GoogleFit\Microsoft.Health.FitOnFhir.GoogleFit.Mapping.Tests\Microsoft.Health.FitOnFhir.GoogleFit.Mapping.Tests.csproj", "{DB8156BD-3A09-465B-B6C7-18F095BE83AB}"
EndProject
Global
	GlobalSection(SolutionConfigurationPlatforms) = preSolution
		Debug|Any CPU = Debug|Any CPU
		Debug|x64 = Debug|x64
		Debug|x86 = Debug|x86
		Release|Any CPU = Release|Any CPU
		Release|x64 = Release|x64
		Release|x86 = Release|x86
	EndGlobalSection
	GlobalSection(ProjectConfigurationPlatforms) = postSolution
		{68114D4D-03B6-4640-9678-42A6BBA52934}.Debug|Any CPU.ActiveCfg = Debug|Any CPU
		{68114D4D-03B6-4640-9678-42A6BBA52934}.Debug|Any CPU.Build.0 = Debug|Any CPU
		{68114D4D-03B6-4640-9678-42A6BBA52934}.Debug|x64.ActiveCfg = Debug|Any CPU
		{68114D4D-03B6-4640-9678-42A6BBA52934}.Debug|x64.Build.0 = Debug|Any CPU
		{68114D4D-03B6-4640-9678-42A6BBA52934}.Debug|x86.ActiveCfg = Debug|Any CPU
		{68114D4D-03B6-4640-9678-42A6BBA52934}.Debug|x86.Build.0 = Debug|Any CPU
		{68114D4D-03B6-4640-9678-42A6BBA52934}.Release|Any CPU.ActiveCfg = Release|Any CPU
		{68114D4D-03B6-4640-9678-42A6BBA52934}.Release|Any CPU.Build.0 = Release|Any CPU
		{68114D4D-03B6-4640-9678-42A6BBA52934}.Release|x64.ActiveCfg = Release|Any CPU
		{68114D4D-03B6-4640-9678-42A6BBA52934}.Release|x64.Build.0 = Release|Any CPU
		{68114D4D-03B6-4640-9678-42A6BBA52934}.Release|x86.ActiveCfg = Release|Any CPU
		{68114D4D-03B6-4640-9678-42A6BBA52934}.Release|x86.Build.0 = Release|Any CPU
		{8C9D9AF2-27BB-4DC1-8208-99EB96DEAA78}.Debug|Any CPU.ActiveCfg = Debug|Any CPU
		{8C9D9AF2-27BB-4DC1-8208-99EB96DEAA78}.Debug|Any CPU.Build.0 = Debug|Any CPU
		{8C9D9AF2-27BB-4DC1-8208-99EB96DEAA78}.Debug|x64.ActiveCfg = Debug|Any CPU
		{8C9D9AF2-27BB-4DC1-8208-99EB96DEAA78}.Debug|x64.Build.0 = Debug|Any CPU
		{8C9D9AF2-27BB-4DC1-8208-99EB96DEAA78}.Debug|x86.ActiveCfg = Debug|Any CPU
		{8C9D9AF2-27BB-4DC1-8208-99EB96DEAA78}.Debug|x86.Build.0 = Debug|Any CPU
		{8C9D9AF2-27BB-4DC1-8208-99EB96DEAA78}.Release|Any CPU.ActiveCfg = Release|Any CPU
		{8C9D9AF2-27BB-4DC1-8208-99EB96DEAA78}.Release|Any CPU.Build.0 = Release|Any CPU
		{8C9D9AF2-27BB-4DC1-8208-99EB96DEAA78}.Release|x64.ActiveCfg = Release|Any CPU
		{8C9D9AF2-27BB-4DC1-8208-99EB96DEAA78}.Release|x64.Build.0 = Release|Any CPU
		{8C9D9AF2-27BB-4DC1-8208-99EB96DEAA78}.Release|x86.ActiveCfg = Release|Any CPU
		{8C9D9AF2-27BB-4DC1-8208-99EB96DEAA78}.Release|x86.Build.0 = Release|Any CPU
		{189B4B7D-578E-4403-AAD8-72768BE04265}.Debug|Any CPU.ActiveCfg = Debug|Any CPU
		{189B4B7D-578E-4403-AAD8-72768BE04265}.Debug|Any CPU.Build.0 = Debug|Any CPU
		{189B4B7D-578E-4403-AAD8-72768BE04265}.Debug|x64.ActiveCfg = Debug|Any CPU
		{189B4B7D-578E-4403-AAD8-72768BE04265}.Debug|x64.Build.0 = Debug|Any CPU
		{189B4B7D-578E-4403-AAD8-72768BE04265}.Debug|x86.ActiveCfg = Debug|Any CPU
		{189B4B7D-578E-4403-AAD8-72768BE04265}.Debug|x86.Build.0 = Debug|Any CPU
		{189B4B7D-578E-4403-AAD8-72768BE04265}.Release|Any CPU.ActiveCfg = Release|Any CPU
		{189B4B7D-578E-4403-AAD8-72768BE04265}.Release|Any CPU.Build.0 = Release|Any CPU
		{189B4B7D-578E-4403-AAD8-72768BE04265}.Release|x64.ActiveCfg = Release|Any CPU
		{189B4B7D-578E-4403-AAD8-72768BE04265}.Release|x64.Build.0 = Release|Any CPU
		{189B4B7D-578E-4403-AAD8-72768BE04265}.Release|x86.ActiveCfg = Release|Any CPU
		{189B4B7D-578E-4403-AAD8-72768BE04265}.Release|x86.Build.0 = Release|Any CPU
		{0E3C0AA4-816C-46F5-ACCB-1507CEC7A605}.Debug|Any CPU.ActiveCfg = Debug|Any CPU
		{0E3C0AA4-816C-46F5-ACCB-1507CEC7A605}.Debug|Any CPU.Build.0 = Debug|Any CPU
		{0E3C0AA4-816C-46F5-ACCB-1507CEC7A605}.Debug|x64.ActiveCfg = Debug|Any CPU
		{0E3C0AA4-816C-46F5-ACCB-1507CEC7A605}.Debug|x64.Build.0 = Debug|Any CPU
		{0E3C0AA4-816C-46F5-ACCB-1507CEC7A605}.Debug|x86.ActiveCfg = Debug|Any CPU
		{0E3C0AA4-816C-46F5-ACCB-1507CEC7A605}.Debug|x86.Build.0 = Debug|Any CPU
		{0E3C0AA4-816C-46F5-ACCB-1507CEC7A605}.Release|Any CPU.ActiveCfg = Release|Any CPU
		{0E3C0AA4-816C-46F5-ACCB-1507CEC7A605}.Release|Any CPU.Build.0 = Release|Any CPU
		{0E3C0AA4-816C-46F5-ACCB-1507CEC7A605}.Release|x64.ActiveCfg = Release|Any CPU
		{0E3C0AA4-816C-46F5-ACCB-1507CEC7A605}.Release|x64.Build.0 = Release|Any CPU
		{0E3C0AA4-816C-46F5-ACCB-1507CEC7A605}.Release|x86.ActiveCfg = Release|Any CPU
		{0E3C0AA4-816C-46F5-ACCB-1507CEC7A605}.Release|x86.Build.0 = Release|Any CPU
		{8BA4DEDD-A9C6-4283-B1C3-67DE3373C439}.Debug|Any CPU.ActiveCfg = Debug|Any CPU
		{8BA4DEDD-A9C6-4283-B1C3-67DE3373C439}.Debug|Any CPU.Build.0 = Debug|Any CPU
		{8BA4DEDD-A9C6-4283-B1C3-67DE3373C439}.Debug|x64.ActiveCfg = Debug|Any CPU
		{8BA4DEDD-A9C6-4283-B1C3-67DE3373C439}.Debug|x64.Build.0 = Debug|Any CPU
		{8BA4DEDD-A9C6-4283-B1C3-67DE3373C439}.Debug|x86.ActiveCfg = Debug|Any CPU
		{8BA4DEDD-A9C6-4283-B1C3-67DE3373C439}.Debug|x86.Build.0 = Debug|Any CPU
		{8BA4DEDD-A9C6-4283-B1C3-67DE3373C439}.Release|Any CPU.ActiveCfg = Release|Any CPU
		{8BA4DEDD-A9C6-4283-B1C3-67DE3373C439}.Release|Any CPU.Build.0 = Release|Any CPU
		{8BA4DEDD-A9C6-4283-B1C3-67DE3373C439}.Release|x64.ActiveCfg = Release|Any CPU
		{8BA4DEDD-A9C6-4283-B1C3-67DE3373C439}.Release|x64.Build.0 = Release|Any CPU
		{8BA4DEDD-A9C6-4283-B1C3-67DE3373C439}.Release|x86.ActiveCfg = Release|Any CPU
		{8BA4DEDD-A9C6-4283-B1C3-67DE3373C439}.Release|x86.Build.0 = Release|Any CPU
		{A9088ABB-4F50-4887-BB04-7DFC11647168}.Debug|Any CPU.ActiveCfg = Debug|Any CPU
		{A9088ABB-4F50-4887-BB04-7DFC11647168}.Debug|Any CPU.Build.0 = Debug|Any CPU
		{A9088ABB-4F50-4887-BB04-7DFC11647168}.Debug|x64.ActiveCfg = Debug|Any CPU
		{A9088ABB-4F50-4887-BB04-7DFC11647168}.Debug|x64.Build.0 = Debug|Any CPU
		{A9088ABB-4F50-4887-BB04-7DFC11647168}.Debug|x86.ActiveCfg = Debug|Any CPU
		{A9088ABB-4F50-4887-BB04-7DFC11647168}.Debug|x86.Build.0 = Debug|Any CPU
		{A9088ABB-4F50-4887-BB04-7DFC11647168}.Release|Any CPU.ActiveCfg = Release|Any CPU
		{A9088ABB-4F50-4887-BB04-7DFC11647168}.Release|Any CPU.Build.0 = Release|Any CPU
		{A9088ABB-4F50-4887-BB04-7DFC11647168}.Release|x64.ActiveCfg = Release|Any CPU
		{A9088ABB-4F50-4887-BB04-7DFC11647168}.Release|x64.Build.0 = Release|Any CPU
		{A9088ABB-4F50-4887-BB04-7DFC11647168}.Release|x86.ActiveCfg = Release|Any CPU
		{A9088ABB-4F50-4887-BB04-7DFC11647168}.Release|x86.Build.0 = Release|Any CPU
		{A064C40E-5E45-4FD3-B5C4-B93F7888F01B}.Debug|Any CPU.ActiveCfg = Debug|Any CPU
		{A064C40E-5E45-4FD3-B5C4-B93F7888F01B}.Debug|Any CPU.Build.0 = Debug|Any CPU
		{A064C40E-5E45-4FD3-B5C4-B93F7888F01B}.Debug|x64.ActiveCfg = Debug|Any CPU
		{A064C40E-5E45-4FD3-B5C4-B93F7888F01B}.Debug|x64.Build.0 = Debug|Any CPU
		{A064C40E-5E45-4FD3-B5C4-B93F7888F01B}.Debug|x86.ActiveCfg = Debug|Any CPU
		{A064C40E-5E45-4FD3-B5C4-B93F7888F01B}.Debug|x86.Build.0 = Debug|Any CPU
		{A064C40E-5E45-4FD3-B5C4-B93F7888F01B}.Release|Any CPU.ActiveCfg = Release|Any CPU
		{A064C40E-5E45-4FD3-B5C4-B93F7888F01B}.Release|Any CPU.Build.0 = Release|Any CPU
		{A064C40E-5E45-4FD3-B5C4-B93F7888F01B}.Release|x64.ActiveCfg = Release|Any CPU
		{A064C40E-5E45-4FD3-B5C4-B93F7888F01B}.Release|x64.Build.0 = Release|Any CPU
		{A064C40E-5E45-4FD3-B5C4-B93F7888F01B}.Release|x86.ActiveCfg = Release|Any CPU
		{A064C40E-5E45-4FD3-B5C4-B93F7888F01B}.Release|x86.Build.0 = Release|Any CPU
		{AD4C2331-FCB9-4F86-AADF-593BCA8CDB33}.Debug|Any CPU.ActiveCfg = Debug|Any CPU
		{AD4C2331-FCB9-4F86-AADF-593BCA8CDB33}.Debug|Any CPU.Build.0 = Debug|Any CPU
		{AD4C2331-FCB9-4F86-AADF-593BCA8CDB33}.Debug|x64.ActiveCfg = Debug|Any CPU
		{AD4C2331-FCB9-4F86-AADF-593BCA8CDB33}.Debug|x64.Build.0 = Debug|Any CPU
		{AD4C2331-FCB9-4F86-AADF-593BCA8CDB33}.Debug|x86.ActiveCfg = Debug|Any CPU
		{AD4C2331-FCB9-4F86-AADF-593BCA8CDB33}.Debug|x86.Build.0 = Debug|Any CPU
		{AD4C2331-FCB9-4F86-AADF-593BCA8CDB33}.Release|Any CPU.ActiveCfg = Release|Any CPU
		{AD4C2331-FCB9-4F86-AADF-593BCA8CDB33}.Release|Any CPU.Build.0 = Release|Any CPU
		{AD4C2331-FCB9-4F86-AADF-593BCA8CDB33}.Release|x64.ActiveCfg = Release|Any CPU
		{AD4C2331-FCB9-4F86-AADF-593BCA8CDB33}.Release|x64.Build.0 = Release|Any CPU
		{AD4C2331-FCB9-4F86-AADF-593BCA8CDB33}.Release|x86.ActiveCfg = Release|Any CPU
		{AD4C2331-FCB9-4F86-AADF-593BCA8CDB33}.Release|x86.Build.0 = Release|Any CPU
		{B922ACB2-43DA-4517-9A98-FBE90A202724}.Debug|Any CPU.ActiveCfg = Debug|Any CPU
		{B922ACB2-43DA-4517-9A98-FBE90A202724}.Debug|Any CPU.Build.0 = Debug|Any CPU
		{B922ACB2-43DA-4517-9A98-FBE90A202724}.Debug|x64.ActiveCfg = Debug|Any CPU
		{B922ACB2-43DA-4517-9A98-FBE90A202724}.Debug|x64.Build.0 = Debug|Any CPU
		{B922ACB2-43DA-4517-9A98-FBE90A202724}.Debug|x86.ActiveCfg = Debug|Any CPU
		{B922ACB2-43DA-4517-9A98-FBE90A202724}.Debug|x86.Build.0 = Debug|Any CPU
		{B922ACB2-43DA-4517-9A98-FBE90A202724}.Release|Any CPU.ActiveCfg = Release|Any CPU
		{B922ACB2-43DA-4517-9A98-FBE90A202724}.Release|Any CPU.Build.0 = Release|Any CPU
		{B922ACB2-43DA-4517-9A98-FBE90A202724}.Release|x64.ActiveCfg = Release|Any CPU
		{B922ACB2-43DA-4517-9A98-FBE90A202724}.Release|x64.Build.0 = Release|Any CPU
		{B922ACB2-43DA-4517-9A98-FBE90A202724}.Release|x86.ActiveCfg = Release|Any CPU
		{B922ACB2-43DA-4517-9A98-FBE90A202724}.Release|x86.Build.0 = Release|Any CPU
		{DB8156BD-3A09-465B-B6C7-18F095BE83AB}.Debug|Any CPU.ActiveCfg = Debug|Any CPU
		{DB8156BD-3A09-465B-B6C7-18F095BE83AB}.Debug|Any CPU.Build.0 = Debug|Any CPU
		{DB8156BD-3A09-465B-B6C7-18F095BE83AB}.Debug|x64.ActiveCfg = Debug|Any CPU
		{DB8156BD-3A09-465B-B6C7-18F095BE83AB}.Debug|x64.Build.0 = Debug|Any CPU
		{DB8156BD-3A09-465B-B6C7-18F095BE83AB}.Debug|x86.ActiveCfg = Debug|Any CPU
		{DB8156BD-3A09-465B-B6C7-18F095BE83AB}.Debug|x86.Build.0 = Debug|Any CPU
		{DB8156BD-3A09-465B-B6C7-18F095BE83AB}.Release|Any CPU.ActiveCfg = Release|Any CPU
		{DB8156BD-3A09-465B-B6C7-18F095BE83AB}.Release|Any CPU.Build.0 = Release|Any CPU
		{DB8156BD-3A09-465B-B6C7-18F095BE83AB}.Release|x64.ActiveCfg = Release|Any CPU
		{DB8156BD-3A09-465B-B6C7-18F095BE83AB}.Release|x64.Build.0 = Release|Any CPU
		{DB8156BD-3A09-465B-B6C7-18F095BE83AB}.Release|x86.ActiveCfg = Release|Any CPU
		{DB8156BD-3A09-465B-B6C7-18F095BE83AB}.Release|x86.Build.0 = Release|Any CPU
	EndGlobalSection
	GlobalSection(SolutionProperties) = preSolution
		HideSolutionNode = FALSE
	EndGlobalSection
	GlobalSection(NestedProjects) = preSolution
		{68114D4D-03B6-4640-9678-42A6BBA52934} = {E05034C2-99D3-41DD-A416-9FA2ECB3867D}
		{8C9D9AF2-27BB-4DC1-8208-99EB96DEAA78} = {EACF2764-0FC1-48EF-B99E-32E7D09AA527}
		{189B4B7D-578E-4403-AAD8-72768BE04265} = {5A58186F-969E-4692-8651-5350008077B3}
		{0E3C0AA4-816C-46F5-ACCB-1507CEC7A605} = {CE37CCDB-9A67-4AA6-9021-EA47F8422D4E}
		{8BA4DEDD-A9C6-4283-B1C3-67DE3373C439} = {8254079F-D7AF-432C-ABF0-F5446219F066}
		{A9088ABB-4F50-4887-BB04-7DFC11647168} = {8254079F-D7AF-432C-ABF0-F5446219F066}
		{A064C40E-5E45-4FD3-B5C4-B93F7888F01B} = {E05034C2-99D3-41DD-A416-9FA2ECB3867D}
		{AD4C2331-FCB9-4F86-AADF-593BCA8CDB33} = {E05034C2-99D3-41DD-A416-9FA2ECB3867D}
		{B922ACB2-43DA-4517-9A98-FBE90A202724} = {E05034C2-99D3-41DD-A416-9FA2ECB3867D}
		{DB8156BD-3A09-465B-B6C7-18F095BE83AB} = {E05034C2-99D3-41DD-A416-9FA2ECB3867D}
	EndGlobalSection
	GlobalSection(ExtensibilityGlobals) = postSolution
		SolutionGuid = {16425D06-2704-4306-B7F4-A32B4C586337}
	EndGlobalSection
EndGlobal
