
Microsoft Visual Studio Solution File, Format Version 12.00
# Visual Studio Version 16
VisualStudioVersion = 16.6.30114.105
MinimumVisualStudioVersion = 10.0.40219.1
Project("{FAE04EC0-301F-11D3-BF4B-00C04F79EFBC}") = "GoogleFitOnFhir", "GoogleFitOnFhir\GoogleFitOnFhir.csproj", "{68114D4D-03B6-4640-9678-42A6BBA52934}"
EndProject
Project("{FAE04EC0-301F-11D3-BF4B-00C04F79EFBC}") = "GoogleFitOnFhir.UnitTests", "GoogleFitOnFhir.UnitTests\GoogleFitOnFhir.UnitTests.csproj", "{73D0524A-64D3-4402-88BE-2AF76C1DA5EE}"
EndProject
Project("{FAE04EC0-301F-11D3-BF4B-00C04F79EFBC}") = "GoogleFitOnFhir.Identity", "GoogleFitOnFhir.Identity\GoogleFitOnFhir.Identity.csproj", "{8C9D9AF2-27BB-4DC1-8208-99EB96DEAA78}"
EndProject
Project("{FAE04EC0-301F-11D3-BF4B-00C04F79EFBC}") = "GoogleFitOnFhir.PublishData", "GoogleFitOnFhir.PublishData\GoogleFitOnFhir.PublishData.csproj", "{189B4B7D-578E-4403-AAD8-72768BE04265}"
EndProject
Project("{FAE04EC0-301F-11D3-BF4B-00C04F79EFBC}") = "GoogleFitOnFhir.SyncEvent", "GoogleFitOnFhir.SyncEvent\GoogleFitOnFhir.SyncEvent.csproj", "{0E3C0AA4-816C-46F5-ACCB-1507CEC7A605}"
EndProject
Global
	GlobalSection(SolutionConfigurationPlatforms) = preSolution
		Debug|Any CPU = Debug|Any CPU
		Debug|x64 = Debug|x64
		Debug|x86 = Debug|x86
		Release|Any CPU = Release|Any CPU
		Release|x64 = Release|x64
		Release|x86 = Release|x86
	EndGlobalSection
	GlobalSection(SolutionProperties) = preSolution
		HideSolutionNode = FALSE
	EndGlobalSection
	GlobalSection(ProjectConfigurationPlatforms) = postSolution
		{68114D4D-03B6-4640-9678-42A6BBA52934}.Debug|Any CPU.ActiveCfg = Debug|Any CPU
		{68114D4D-03B6-4640-9678-42A6BBA52934}.Debug|Any CPU.Build.0 = Debug|Any CPU
		{68114D4D-03B6-4640-9678-42A6BBA52934}.Debug|x64.ActiveCfg = Debug|Any CPU
		{68114D4D-03B6-4640-9678-42A6BBA52934}.Debug|x64.Build.0 = Debug|Any CPU
		{68114D4D-03B6-4640-9678-42A6BBA52934}.Debug|x86.ActiveCfg = Debug|Any CPU
		{68114D4D-03B6-4640-9678-42A6BBA52934}.Debug|x86.Build.0 = Debug|Any CPU
		{68114D4D-03B6-4640-9678-42A6BBA52934}.Release|Any CPU.ActiveCfg = Release|Any CPU
		{68114D4D-03B6-4640-9678-42A6BBA52934}.Release|Any CPU.Build.0 = Release|Any CPU
		{68114D4D-03B6-4640-9678-42A6BBA52934}.Release|x64.ActiveCfg = Release|Any CPU
		{68114D4D-03B6-4640-9678-42A6BBA52934}.Release|x64.Build.0 = Release|Any CPU
		{68114D4D-03B6-4640-9678-42A6BBA52934}.Release|x86.ActiveCfg = Release|Any CPU
		{68114D4D-03B6-4640-9678-42A6BBA52934}.Release|x86.Build.0 = Release|Any CPU
		{73D0524A-64D3-4402-88BE-2AF76C1DA5EE}.Debug|Any CPU.ActiveCfg = Debug|Any CPU
		{73D0524A-64D3-4402-88BE-2AF76C1DA5EE}.Debug|Any CPU.Build.0 = Debug|Any CPU
		{73D0524A-64D3-4402-88BE-2AF76C1DA5EE}.Debug|x64.ActiveCfg = Debug|Any CPU
		{73D0524A-64D3-4402-88BE-2AF76C1DA5EE}.Debug|x64.Build.0 = Debug|Any CPU
		{73D0524A-64D3-4402-88BE-2AF76C1DA5EE}.Debug|x86.ActiveCfg = Debug|Any CPU
		{73D0524A-64D3-4402-88BE-2AF76C1DA5EE}.Debug|x86.Build.0 = Debug|Any CPU
		{73D0524A-64D3-4402-88BE-2AF76C1DA5EE}.Release|Any CPU.ActiveCfg = Release|Any CPU
		{73D0524A-64D3-4402-88BE-2AF76C1DA5EE}.Release|Any CPU.Build.0 = Release|Any CPU
		{73D0524A-64D3-4402-88BE-2AF76C1DA5EE}.Release|x64.ActiveCfg = Release|Any CPU
		{73D0524A-64D3-4402-88BE-2AF76C1DA5EE}.Release|x64.Build.0 = Release|Any CPU
		{73D0524A-64D3-4402-88BE-2AF76C1DA5EE}.Release|x86.ActiveCfg = Release|Any CPU
		{73D0524A-64D3-4402-88BE-2AF76C1DA5EE}.Release|x86.Build.0 = Release|Any CPU
		{8C9D9AF2-27BB-4DC1-8208-99EB96DEAA78}.Debug|Any CPU.ActiveCfg = Debug|Any CPU
		{8C9D9AF2-27BB-4DC1-8208-99EB96DEAA78}.Debug|Any CPU.Build.0 = Debug|Any CPU
		{8C9D9AF2-27BB-4DC1-8208-99EB96DEAA78}.Debug|x64.ActiveCfg = Debug|Any CPU
		{8C9D9AF2-27BB-4DC1-8208-99EB96DEAA78}.Debug|x64.Build.0 = Debug|Any CPU
		{8C9D9AF2-27BB-4DC1-8208-99EB96DEAA78}.Debug|x86.ActiveCfg = Debug|Any CPU
		{8C9D9AF2-27BB-4DC1-8208-99EB96DEAA78}.Debug|x86.Build.0 = Debug|Any CPU
		{8C9D9AF2-27BB-4DC1-8208-99EB96DEAA78}.Release|Any CPU.ActiveCfg = Release|Any CPU
		{8C9D9AF2-27BB-4DC1-8208-99EB96DEAA78}.Release|Any CPU.Build.0 = Release|Any CPU
		{8C9D9AF2-27BB-4DC1-8208-99EB96DEAA78}.Release|x64.ActiveCfg = Release|Any CPU
		{8C9D9AF2-27BB-4DC1-8208-99EB96DEAA78}.Release|x64.Build.0 = Release|Any CPU
		{8C9D9AF2-27BB-4DC1-8208-99EB96DEAA78}.Release|x86.ActiveCfg = Release|Any CPU
		{8C9D9AF2-27BB-4DC1-8208-99EB96DEAA78}.Release|x86.Build.0 = Release|Any CPU
		{189B4B7D-578E-4403-AAD8-72768BE04265}.Debug|Any CPU.ActiveCfg = Debug|Any CPU
		{189B4B7D-578E-4403-AAD8-72768BE04265}.Debug|Any CPU.Build.0 = Debug|Any CPU
		{189B4B7D-578E-4403-AAD8-72768BE04265}.Debug|x64.ActiveCfg = Debug|Any CPU
		{189B4B7D-578E-4403-AAD8-72768BE04265}.Debug|x64.Build.0 = Debug|Any CPU
		{189B4B7D-578E-4403-AAD8-72768BE04265}.Debug|x86.ActiveCfg = Debug|Any CPU
		{189B4B7D-578E-4403-AAD8-72768BE04265}.Debug|x86.Build.0 = Debug|Any CPU
		{189B4B7D-578E-4403-AAD8-72768BE04265}.Release|Any CPU.ActiveCfg = Release|Any CPU
		{189B4B7D-578E-4403-AAD8-72768BE04265}.Release|Any CPU.Build.0 = Release|Any CPU
		{189B4B7D-578E-4403-AAD8-72768BE04265}.Release|x64.ActiveCfg = Release|Any CPU
		{189B4B7D-578E-4403-AAD8-72768BE04265}.Release|x64.Build.0 = Release|Any CPU
		{189B4B7D-578E-4403-AAD8-72768BE04265}.Release|x86.ActiveCfg = Release|Any CPU
		{189B4B7D-578E-4403-AAD8-72768BE04265}.Release|x86.Build.0 = Release|Any CPU
		{0E3C0AA4-816C-46F5-ACCB-1507CEC7A605}.Debug|Any CPU.ActiveCfg = Debug|Any CPU
		{0E3C0AA4-816C-46F5-ACCB-1507CEC7A605}.Debug|Any CPU.Build.0 = Debug|Any CPU
		{0E3C0AA4-816C-46F5-ACCB-1507CEC7A605}.Debug|x64.ActiveCfg = Debug|Any CPU
		{0E3C0AA4-816C-46F5-ACCB-1507CEC7A605}.Debug|x64.Build.0 = Debug|Any CPU
		{0E3C0AA4-816C-46F5-ACCB-1507CEC7A605}.Debug|x86.ActiveCfg = Debug|Any CPU
		{0E3C0AA4-816C-46F5-ACCB-1507CEC7A605}.Debug|x86.Build.0 = Debug|Any CPU
		{0E3C0AA4-816C-46F5-ACCB-1507CEC7A605}.Release|Any CPU.ActiveCfg = Release|Any CPU
		{0E3C0AA4-816C-46F5-ACCB-1507CEC7A605}.Release|Any CPU.Build.0 = Release|Any CPU
		{0E3C0AA4-816C-46F5-ACCB-1507CEC7A605}.Release|x64.ActiveCfg = Release|Any CPU
		{0E3C0AA4-816C-46F5-ACCB-1507CEC7A605}.Release|x64.Build.0 = Release|Any CPU
		{0E3C0AA4-816C-46F5-ACCB-1507CEC7A605}.Release|x86.ActiveCfg = Release|Any CPU
		{0E3C0AA4-816C-46F5-ACCB-1507CEC7A605}.Release|x86.Build.0 = Release|Any CPU
	EndGlobalSection
EndGlobal
